
Microsoft Visual Studio Solution File, Format Version 12.00
# Visual Studio Version 16
VisualStudioVersion = 16.0.31729.503
MinimumVisualStudioVersion = 10.0.40219.1
Project("{9A19103F-16F7-4668-BE54-9A1E7A4F7556}") = "ServiceAccountingUI", "ServiceAccountingUI\ServiceAccountingUI.csproj", "{917CA902-A93C-4AE6-81FD-5246CC768E46}"
EndProject
Project("{2150E333-8FDC-42A3-9474-1A3956D46DE8}") = "1.UIL", "1.UIL", "{52F1AC04-486E-402E-9C52-9F4353F64289}"
EndProject
Project("{2150E333-8FDC-42A3-9474-1A3956D46DE8}") = "2.BLL", "2.BLL", "{F79AEF8F-D3E0-4C6D-893E-01C20ABFCD84}"
EndProject
Project("{2150E333-8FDC-42A3-9474-1A3956D46DE8}") = "3.DAL", "3.DAL", "{ED17251E-9B72-4BB6-87A6-FE4F5EB6A8AE}"
EndProject
Project("{9A19103F-16F7-4668-BE54-9A1E7A4F7556}") = "ServiceAccountingBL", "ServiceAccountingBL\ServiceAccountingBL.csproj", "{4D00E06F-29EB-4341-9769-85ACA780054D}"
EndProject
Project("{9A19103F-16F7-4668-BE54-9A1E7A4F7556}") = "ServiceAccountingDA", "ServiceAccountingDA\ServiceAccountingDA.csproj", "{33D48956-E5B9-4BF6-9D37-9E974EA3CE83}"
EndProject
Project("{2150E333-8FDC-42A3-9474-1A3956D46DE8}") = "Solution Items", "Solution Items", "{2E0CB2AD-3085-4A96-81B5-1E4703AA4B73}"
	ProjectSection(SolutionItems) = preProject
		.editorconfig = .editorconfig
	EndProjectSection
EndProject
Project("{2150E333-8FDC-42A3-9474-1A3956D46DE8}") = "Auth", "Auth", "{5525F23C-2B04-4D42-9795-9EB666234D78}"
EndProject
Project("{9A19103F-16F7-4668-BE54-9A1E7A4F7556}") = "API", "AuthAPI\API.csproj", "{BAA4BC65-C2F7-40DD-B7F7-ABE9E2673E66}"
EndProject
Project("{9A19103F-16F7-4668-BE54-9A1E7A4F7556}") = "Application", "Application\Application.csproj", "{6BC7F155-01DA-4CE7-9158-9BA4EBD65290}"
EndProject
Project("{9A19103F-16F7-4668-BE54-9A1E7A4F7556}") = "EFData", "EFData\EFData.csproj", "{4E2FE9DB-C2C7-4414-A54E-081DEBF03B0C}"
EndProject
Project("{9A19103F-16F7-4668-BE54-9A1E7A4F7556}") = "Infastructure", "Infastructure\Infastructure.csproj", "{66093A52-0344-4347-A227-E5A99FA50D28}"
EndProject
Project("{9A19103F-16F7-4668-BE54-9A1E7A4F7556}") = "Domain", "Domain\Domain.csproj", "{DC85BF66-698B-4728-897F-E4CABD0FF743}"
EndProject
Project("{2150E333-8FDC-42A3-9474-1A3956D46DE8}") = "RabbitMQ", "RabbitMQ", "{F869B0F7-C220-41DA-8705-CB8D40D676A7}"
EndProject
Project("{9A19103F-16F7-4668-BE54-9A1E7A4F7556}") = "RabbitMQLibrary", "RabbitMQLibrary\RabbitMQLibrary.csproj", "{2D5F30C9-D40D-4605-A92B-B1EE1C9DA9A1}"
EndProject
Project("{FAE04EC0-301F-11D3-BF4B-00C04F79EFBC}") = "Models", "Models\Models.csproj", "{E25EA2F6-F0E2-4A3A-8D9D-19D810E92AAF}"
EndProject
Global
	GlobalSection(SolutionConfigurationPlatforms) = preSolution
		Debug|Any CPU = Debug|Any CPU
		Release|Any CPU = Release|Any CPU
	EndGlobalSection
	GlobalSection(ProjectConfigurationPlatforms) = postSolution
		{917CA902-A93C-4AE6-81FD-5246CC768E46}.Debug|Any CPU.ActiveCfg = Debug|Any CPU
		{917CA902-A93C-4AE6-81FD-5246CC768E46}.Debug|Any CPU.Build.0 = Debug|Any CPU
		{917CA902-A93C-4AE6-81FD-5246CC768E46}.Release|Any CPU.ActiveCfg = Release|Any CPU
		{917CA902-A93C-4AE6-81FD-5246CC768E46}.Release|Any CPU.Build.0 = Release|Any CPU
		{4D00E06F-29EB-4341-9769-85ACA780054D}.Debug|Any CPU.ActiveCfg = Debug|Any CPU
		{4D00E06F-29EB-4341-9769-85ACA780054D}.Debug|Any CPU.Build.0 = Debug|Any CPU
		{4D00E06F-29EB-4341-9769-85ACA780054D}.Release|Any CPU.ActiveCfg = Release|Any CPU
		{4D00E06F-29EB-4341-9769-85ACA780054D}.Release|Any CPU.Build.0 = Release|Any CPU
		{33D48956-E5B9-4BF6-9D37-9E974EA3CE83}.Debug|Any CPU.ActiveCfg = Debug|Any CPU
		{33D48956-E5B9-4BF6-9D37-9E974EA3CE83}.Debug|Any CPU.Build.0 = Debug|Any CPU
		{33D48956-E5B9-4BF6-9D37-9E974EA3CE83}.Release|Any CPU.ActiveCfg = Release|Any CPU
		{33D48956-E5B9-4BF6-9D37-9E974EA3CE83}.Release|Any CPU.Build.0 = Release|Any CPU
		{BAA4BC65-C2F7-40DD-B7F7-ABE9E2673E66}.Debug|Any CPU.ActiveCfg = Debug|Any CPU
		{BAA4BC65-C2F7-40DD-B7F7-ABE9E2673E66}.Debug|Any CPU.Build.0 = Debug|Any CPU
		{BAA4BC65-C2F7-40DD-B7F7-ABE9E2673E66}.Release|Any CPU.ActiveCfg = Release|Any CPU
		{BAA4BC65-C2F7-40DD-B7F7-ABE9E2673E66}.Release|Any CPU.Build.0 = Release|Any CPU
		{6BC7F155-01DA-4CE7-9158-9BA4EBD65290}.Debug|Any CPU.ActiveCfg = Debug|Any CPU
		{6BC7F155-01DA-4CE7-9158-9BA4EBD65290}.Debug|Any CPU.Build.0 = Debug|Any CPU
		{6BC7F155-01DA-4CE7-9158-9BA4EBD65290}.Release|Any CPU.ActiveCfg = Release|Any CPU
		{6BC7F155-01DA-4CE7-9158-9BA4EBD65290}.Release|Any CPU.Build.0 = Release|Any CPU
		{4E2FE9DB-C2C7-4414-A54E-081DEBF03B0C}.Debug|Any CPU.ActiveCfg = Debug|Any CPU
		{4E2FE9DB-C2C7-4414-A54E-081DEBF03B0C}.Debug|Any CPU.Build.0 = Debug|Any CPU
		{4E2FE9DB-C2C7-4414-A54E-081DEBF03B0C}.Release|Any CPU.ActiveCfg = Release|Any CPU
		{4E2FE9DB-C2C7-4414-A54E-081DEBF03B0C}.Release|Any CPU.Build.0 = Release|Any CPU
		{66093A52-0344-4347-A227-E5A99FA50D28}.Debug|Any CPU.ActiveCfg = Debug|Any CPU
		{66093A52-0344-4347-A227-E5A99FA50D28}.Debug|Any CPU.Build.0 = Debug|Any CPU
		{66093A52-0344-4347-A227-E5A99FA50D28}.Release|Any CPU.ActiveCfg = Release|Any CPU
		{66093A52-0344-4347-A227-E5A99FA50D28}.Release|Any CPU.Build.0 = Release|Any CPU
		{DC85BF66-698B-4728-897F-E4CABD0FF743}.Debug|Any CPU.ActiveCfg = Debug|Any CPU
		{DC85BF66-698B-4728-897F-E4CABD0FF743}.Debug|Any CPU.Build.0 = Debug|Any CPU
		{DC85BF66-698B-4728-897F-E4CABD0FF743}.Release|Any CPU.ActiveCfg = Release|Any CPU
		{DC85BF66-698B-4728-897F-E4CABD0FF743}.Release|Any CPU.Build.0 = Release|Any CPU
		{2D5F30C9-D40D-4605-A92B-B1EE1C9DA9A1}.Debug|Any CPU.ActiveCfg = Debug|Any CPU
		{2D5F30C9-D40D-4605-A92B-B1EE1C9DA9A1}.Debug|Any CPU.Build.0 = Debug|Any CPU
		{2D5F30C9-D40D-4605-A92B-B1EE1C9DA9A1}.Release|Any CPU.ActiveCfg = Release|Any CPU
		{2D5F30C9-D40D-4605-A92B-B1EE1C9DA9A1}.Release|Any CPU.Build.0 = Release|Any CPU
		{E25EA2F6-F0E2-4A3A-8D9D-19D810E92AAF}.Debug|Any CPU.ActiveCfg = Debug|Any CPU
		{E25EA2F6-F0E2-4A3A-8D9D-19D810E92AAF}.Debug|Any CPU.Build.0 = Debug|Any CPU
		{E25EA2F6-F0E2-4A3A-8D9D-19D810E92AAF}.Release|Any CPU.ActiveCfg = Release|Any CPU
		{E25EA2F6-F0E2-4A3A-8D9D-19D810E92AAF}.Release|Any CPU.Build.0 = Release|Any CPU
	EndGlobalSection
	GlobalSection(SolutionProperties) = preSolution
		HideSolutionNode = FALSE
	EndGlobalSection
	GlobalSection(NestedProjects) = preSolution
		{917CA902-A93C-4AE6-81FD-5246CC768E46} = {52F1AC04-486E-402E-9C52-9F4353F64289}
		{4D00E06F-29EB-4341-9769-85ACA780054D} = {F79AEF8F-D3E0-4C6D-893E-01C20ABFCD84}
		{33D48956-E5B9-4BF6-9D37-9E974EA3CE83} = {ED17251E-9B72-4BB6-87A6-FE4F5EB6A8AE}
		{BAA4BC65-C2F7-40DD-B7F7-ABE9E2673E66} = {5525F23C-2B04-4D42-9795-9EB666234D78}
		{6BC7F155-01DA-4CE7-9158-9BA4EBD65290} = {5525F23C-2B04-4D42-9795-9EB666234D78}
		{4E2FE9DB-C2C7-4414-A54E-081DEBF03B0C} = {5525F23C-2B04-4D42-9795-9EB666234D78}
		{66093A52-0344-4347-A227-E5A99FA50D28} = {5525F23C-2B04-4D42-9795-9EB666234D78}
		{DC85BF66-698B-4728-897F-E4CABD0FF743} = {5525F23C-2B04-4D42-9795-9EB666234D78}
		{2D5F30C9-D40D-4605-A92B-B1EE1C9DA9A1} = {F869B0F7-C220-41DA-8705-CB8D40D676A7}
		{E25EA2F6-F0E2-4A3A-8D9D-19D810E92AAF} = {F869B0F7-C220-41DA-8705-CB8D40D676A7}
	EndGlobalSection
	GlobalSection(ExtensibilityGlobals) = postSolution
		SolutionGuid = {C5A17896-E869-4FF5-AB99-C2BC3897E6C1}
	EndGlobalSection
EndGlobal
