
Microsoft Visual Studio Solution File, Format Version 12.00
# Visual Studio Version 17
VisualStudioVersion = 17.14.36202.13 d17.14
MinimumVisualStudioVersion = 10.0.40219.1
Project("{2150E333-8FDC-42A3-9474-1A3956D46DE8}") = "WebApiService", "WebApiService", "{02EA681E-C7D8-13C7-8484-4AC65E1B71E8}"
EndProject
Project("{FAE04EC0-301F-11D3-BF4B-00C04F79EFBC}") = "ServiceAccountingUI", "WebApiService\ServiceAccountingUI\ServiceAccountingUI.csproj", "{0D113FA3-82ED-117C-6F78-B5A6DF1994FB}"
EndProject
Project("{FAE04EC0-301F-11D3-BF4B-00C04F79EFBC}") = "ServiceAccountingBL", "WebApiService\ServiceAccountingBL\ServiceAccountingBL.csproj", "{C5456706-5087-6A48-B5CC-95E0472F1F19}"
EndProject
Project("{FAE04EC0-301F-11D3-BF4B-00C04F79EFBC}") = "ServiceAccountingDA", "WebApiService\ServiceAccountingDA\ServiceAccountingDA.csproj", "{E497C33A-8132-B3A8-5A6D-94F7A6F2F926}"
EndProject
Project("{2150E333-8FDC-42A3-9474-1A3956D46DE8}") = "1.UI", "1.UI", "{A0C1FFBB-8241-43FC-9557-1E76B6D79006}"
EndProject
Project("{2150E333-8FDC-42A3-9474-1A3956D46DE8}") = "2.BL", "2.BL", "{78AF7FAC-6F34-4EC7-9268-705DF91894CE}"
EndProject
Project("{2150E333-8FDC-42A3-9474-1A3956D46DE8}") = "3.DL", "3.DL", "{697C155C-27CF-41A5-B0D9-F9FABEAAD8C5}"
EndProject
Project("{2150E333-8FDC-42A3-9474-1A3956D46DE8}") = "AuthService", "AuthService", "{2C5CE2D1-FBE4-4BBE-95AC-BC9FC3C53C7F}"
EndProject
Project("{FAE04EC0-301F-11D3-BF4B-00C04F79EFBC}") = "API", "AuthService\AuthAPI\API.csproj", "{ABB33310-BCB0-0D13-5D9F-74EAB4C76242}"
EndProject
Project("{FAE04EC0-301F-11D3-BF4B-00C04F79EFBC}") = "Application", "AuthService\Application\Application.csproj", "{E877F837-7306-269A-DB83-047A2548BDE6}"
EndProject
Project("{FAE04EC0-301F-11D3-BF4B-00C04F79EFBC}") = "Domain", "AuthService\Domain\Domain.csproj", "{93A0C3F1-310C-B09C-B8B0-ABC816B7EF19}"
EndProject
Project("{FAE04EC0-301F-11D3-BF4B-00C04F79EFBC}") = "EFData", "AuthService\EFData\EFData.csproj", "{4B2C2A1A-CB89-A05F-6A55-4F368A565111}"
EndProject
Project("{FAE04EC0-301F-11D3-BF4B-00C04F79EFBC}") = "Infastructure", "AuthService\Infastructure\Infastructure.csproj", "{039FDDB6-0D18-0A4A-1C0A-2FDBF3671791}"
EndProject
Project("{2150E333-8FDC-42A3-9474-1A3956D46DE8}") = "RabbitMQService", "RabbitMQService", "{82EC2AD3-EA7B-4FFE-9CEA-513DED3A8EB8}"
EndProject
Project("{FAE04EC0-301F-11D3-BF4B-00C04F79EFBC}") = "RabbitMQLibrary", "RabbitService\RabbitMQLibrary\RabbitMQLibrary.csproj", "{91745E9A-F9FD-A215-27C7-629EBFC96784}"
EndProject
Project("{FAE04EC0-301F-11D3-BF4B-00C04F79EFBC}") = "Models", "RabbitService\Models\Models.csproj", "{CE7FA023-6644-41E4-9511-BC375B93F581}"
EndProject
Project("{2150E333-8FDC-42A3-9474-1A3956D46DE8}") = "RedisService", "RedisService", "{778FFA03-EFCF-470E-B124-E15D2AB3FC72}"
EndProject
Project("{FAE04EC0-301F-11D3-BF4B-00C04F79EFBC}") = "RedisLibrary", "RedisService\RedisLibrary\RedisLibrary.csproj", "{6CE3A16E-A043-D577-FEAC-03C97017CFB8}"
EndProject
Global
	GlobalSection(SolutionConfigurationPlatforms) = preSolution
		Debug|Any CPU = Debug|Any CPU
		Release|Any CPU = Release|Any CPU
	EndGlobalSection
	GlobalSection(ProjectConfigurationPlatforms) = postSolution
		{0D113FA3-82ED-117C-6F78-B5A6DF1994FB}.Debug|Any CPU.ActiveCfg = Debug|Any CPU
		{0D113FA3-82ED-117C-6F78-B5A6DF1994FB}.Debug|Any CPU.Build.0 = Debug|Any CPU
		{0D113FA3-82ED-117C-6F78-B5A6DF1994FB}.Release|Any CPU.ActiveCfg = Release|Any CPU
		{0D113FA3-82ED-117C-6F78-B5A6DF1994FB}.Release|Any CPU.Build.0 = Release|Any CPU
		{C5456706-5087-6A48-B5CC-95E0472F1F19}.Debug|Any CPU.ActiveCfg = Debug|Any CPU
		{C5456706-5087-6A48-B5CC-95E0472F1F19}.Debug|Any CPU.Build.0 = Debug|Any CPU
		{C5456706-5087-6A48-B5CC-95E0472F1F19}.Release|Any CPU.ActiveCfg = Release|Any CPU
		{C5456706-5087-6A48-B5CC-95E0472F1F19}.Release|Any CPU.Build.0 = Release|Any CPU
		{E497C33A-8132-B3A8-5A6D-94F7A6F2F926}.Debug|Any CPU.ActiveCfg = Debug|Any CPU
		{E497C33A-8132-B3A8-5A6D-94F7A6F2F926}.Debug|Any CPU.Build.0 = Debug|Any CPU
		{E497C33A-8132-B3A8-5A6D-94F7A6F2F926}.Release|Any CPU.ActiveCfg = Release|Any CPU
		{E497C33A-8132-B3A8-5A6D-94F7A6F2F926}.Release|Any CPU.Build.0 = Release|Any CPU
		{ABB33310-BCB0-0D13-5D9F-74EAB4C76242}.Debug|Any CPU.ActiveCfg = Debug|Any CPU
		{ABB33310-BCB0-0D13-5D9F-74EAB4C76242}.Debug|Any CPU.Build.0 = Debug|Any CPU
		{ABB33310-BCB0-0D13-5D9F-74EAB4C76242}.Release|Any CPU.ActiveCfg = Release|Any CPU
		{ABB33310-BCB0-0D13-5D9F-74EAB4C76242}.Release|Any CPU.Build.0 = Release|Any CPU
		{E877F837-7306-269A-DB83-047A2548BDE6}.Debug|Any CPU.ActiveCfg = Debug|Any CPU
		{E877F837-7306-269A-DB83-047A2548BDE6}.Debug|Any CPU.Build.0 = Debug|Any CPU
		{E877F837-7306-269A-DB83-047A2548BDE6}.Release|Any CPU.ActiveCfg = Release|Any CPU
		{E877F837-7306-269A-DB83-047A2548BDE6}.Release|Any CPU.Build.0 = Release|Any CPU
		{93A0C3F1-310C-B09C-B8B0-ABC816B7EF19}.Debug|Any CPU.ActiveCfg = Debug|Any CPU
		{93A0C3F1-310C-B09C-B8B0-ABC816B7EF19}.Debug|Any CPU.Build.0 = Debug|Any CPU
		{93A0C3F1-310C-B09C-B8B0-ABC816B7EF19}.Release|Any CPU.ActiveCfg = Release|Any CPU
		{93A0C3F1-310C-B09C-B8B0-ABC816B7EF19}.Release|Any CPU.Build.0 = Release|Any CPU
		{4B2C2A1A-CB89-A05F-6A55-4F368A565111}.Debug|Any CPU.ActiveCfg = Debug|Any CPU
		{4B2C2A1A-CB89-A05F-6A55-4F368A565111}.Debug|Any CPU.Build.0 = Debug|Any CPU
		{4B2C2A1A-CB89-A05F-6A55-4F368A565111}.Release|Any CPU.ActiveCfg = Release|Any CPU
		{4B2C2A1A-CB89-A05F-6A55-4F368A565111}.Release|Any CPU.Build.0 = Release|Any CPU
		{039FDDB6-0D18-0A4A-1C0A-2FDBF3671791}.Debug|Any CPU.ActiveCfg = Debug|Any CPU
		{039FDDB6-0D18-0A4A-1C0A-2FDBF3671791}.Debug|Any CPU.Build.0 = Debug|Any CPU
		{039FDDB6-0D18-0A4A-1C0A-2FDBF3671791}.Release|Any CPU.ActiveCfg = Release|Any CPU
		{039FDDB6-0D18-0A4A-1C0A-2FDBF3671791}.Release|Any CPU.Build.0 = Release|Any CPU
		{91745E9A-F9FD-A215-27C7-629EBFC96784}.Debug|Any CPU.ActiveCfg = Debug|Any CPU
		{91745E9A-F9FD-A215-27C7-629EBFC96784}.Debug|Any CPU.Build.0 = Debug|Any CPU
		{91745E9A-F9FD-A215-27C7-629EBFC96784}.Release|Any CPU.ActiveCfg = Release|Any CPU
		{91745E9A-F9FD-A215-27C7-629EBFC96784}.Release|Any CPU.Build.0 = Release|Any CPU
		{CE7FA023-6644-41E4-9511-BC375B93F581}.Debug|Any CPU.ActiveCfg = Debug|Any CPU
		{CE7FA023-6644-41E4-9511-BC375B93F581}.Debug|Any CPU.Build.0 = Debug|Any CPU
		{CE7FA023-6644-41E4-9511-BC375B93F581}.Release|Any CPU.ActiveCfg = Release|Any CPU
		{CE7FA023-6644-41E4-9511-BC375B93F581}.Release|Any CPU.Build.0 = Release|Any CPU
		{6CE3A16E-A043-D577-FEAC-03C97017CFB8}.Debug|Any CPU.ActiveCfg = Debug|Any CPU
		{6CE3A16E-A043-D577-FEAC-03C97017CFB8}.Debug|Any CPU.Build.0 = Debug|Any CPU
		{6CE3A16E-A043-D577-FEAC-03C97017CFB8}.Release|Any CPU.ActiveCfg = Release|Any CPU
		{6CE3A16E-A043-D577-FEAC-03C97017CFB8}.Release|Any CPU.Build.0 = Release|Any CPU
	EndGlobalSection
	GlobalSection(SolutionProperties) = preSolution
		HideSolutionNode = FALSE
	EndGlobalSection
	GlobalSection(NestedProjects) = preSolution
		{0D113FA3-82ED-117C-6F78-B5A6DF1994FB} = {A0C1FFBB-8241-43FC-9557-1E76B6D79006}
		{C5456706-5087-6A48-B5CC-95E0472F1F19} = {78AF7FAC-6F34-4EC7-9268-705DF91894CE}
		{E497C33A-8132-B3A8-5A6D-94F7A6F2F926} = {697C155C-27CF-41A5-B0D9-F9FABEAAD8C5}
		{A0C1FFBB-8241-43FC-9557-1E76B6D79006} = {02EA681E-C7D8-13C7-8484-4AC65E1B71E8}
		{78AF7FAC-6F34-4EC7-9268-705DF91894CE} = {02EA681E-C7D8-13C7-8484-4AC65E1B71E8}
		{697C155C-27CF-41A5-B0D9-F9FABEAAD8C5} = {02EA681E-C7D8-13C7-8484-4AC65E1B71E8}
		{ABB33310-BCB0-0D13-5D9F-74EAB4C76242} = {2C5CE2D1-FBE4-4BBE-95AC-BC9FC3C53C7F}
		{E877F837-7306-269A-DB83-047A2548BDE6} = {2C5CE2D1-FBE4-4BBE-95AC-BC9FC3C53C7F}
		{93A0C3F1-310C-B09C-B8B0-ABC816B7EF19} = {2C5CE2D1-FBE4-4BBE-95AC-BC9FC3C53C7F}
		{4B2C2A1A-CB89-A05F-6A55-4F368A565111} = {2C5CE2D1-FBE4-4BBE-95AC-BC9FC3C53C7F}
		{039FDDB6-0D18-0A4A-1C0A-2FDBF3671791} = {2C5CE2D1-FBE4-4BBE-95AC-BC9FC3C53C7F}
		{91745E9A-F9FD-A215-27C7-629EBFC96784} = {82EC2AD3-EA7B-4FFE-9CEA-513DED3A8EB8}
		{CE7FA023-6644-41E4-9511-BC375B93F581} = {82EC2AD3-EA7B-4FFE-9CEA-513DED3A8EB8}
		{6CE3A16E-A043-D577-FEAC-03C97017CFB8} = {778FFA03-EFCF-470E-B124-E15D2AB3FC72}
	EndGlobalSection
	GlobalSection(ExtensibilityGlobals) = postSolution
		SolutionGuid = {C5A17896-E869-4FF5-AB99-C2BC3897E6C1}
	EndGlobalSection
EndGlobal
